// !$*UTF8*$!
{
	archiveVersion = 1;
	classes = {
	};
	objectVersion = 51;
	objects = {

/* Begin PBXBuildFile section */
		5D7B64C824378D4100DD7EA2 /* Friends.swift in Sources */ = {isa = PBXBuildFile; fileRef = 5D7B64C724378D4100DD7EA2 /* Friends.swift */; };
		5DBD0AC124372AA6008B9E40 /* AppDelegate.swift in Sources */ = {isa = PBXBuildFile; fileRef = 5DBD0AC024372AA6008B9E40 /* AppDelegate.swift */; };
		5DBD0AC324372AA6008B9E40 /* SceneDelegate.swift in Sources */ = {isa = PBXBuildFile; fileRef = 5DBD0AC224372AA6008B9E40 /* SceneDelegate.swift */; };
		5DBD0AC524372AA6008B9E40 /* ViewController.swift in Sources */ = {isa = PBXBuildFile; fileRef = 5DBD0AC424372AA6008B9E40 /* ViewController.swift */; };
		5DBD0AC824372AA6008B9E40 /* Main.storyboard in Resources */ = {isa = PBXBuildFile; fileRef = 5DBD0AC624372AA6008B9E40 /* Main.storyboard */; };
		5DBD0ACA24372AAA008B9E40 /* Assets.xcassets in Resources */ = {isa = PBXBuildFile; fileRef = 5DBD0AC924372AAA008B9E40 /* Assets.xcassets */; };
		5DBD0ACD24372AAA008B9E40 /* LaunchScreen.storyboard in Resources */ = {isa = PBXBuildFile; fileRef = 5DBD0ACB24372AAA008B9E40 /* LaunchScreen.storyboard */; };
		5DBD0AD52437304E008B9E40 /* ProfileViewController.swift in Sources */ = {isa = PBXBuildFile; fileRef = 5DBD0AD42437304E008B9E40 /* ProfileViewController.swift */; };
		5DBD0AD8243760C0008B9E40 /* User.swift in Sources */ = {isa = PBXBuildFile; fileRef = 5DBD0AD7243760C0008B9E40 /* User.swift */; };
		5DBD0ADC2437664A008B9E40 /* APIHandler.swift in Sources */ = {isa = PBXBuildFile; fileRef = 5DBD0ADB2437664A008B9E40 /* APIHandler.swift */; };
		86E130EC1CE268EFEFBE13A7 /* Pods_SignInVK.framework in Frameworks */ = {isa = PBXBuildFile; fileRef = C56542F49D3BBE272267955A /* Pods_SignInVK.framework */; };
/* End PBXBuildFile section */

/* Begin PBXFileReference section */
		4164F15206AB364887254E95 /* Pods-SignInVK.debug.xcconfig */ = {isa = PBXFileReference; includeInIndex = 1; lastKnownFileType = text.xcconfig; name = "Pods-SignInVK.debug.xcconfig"; path = "Target Support Files/Pods-SignInVK/Pods-SignInVK.debug.xcconfig"; sourceTree = "<group>"; };
		4D3A39F03A0B4E3250AADF94 /* Pods-SignInVK.release.xcconfig */ = {isa = PBXFileReference; includeInIndex = 1; lastKnownFileType = text.xcconfig; name = "Pods-SignInVK.release.xcconfig"; path = "Target Support Files/Pods-SignInVK/Pods-SignInVK.release.xcconfig"; sourceTree = "<group>"; };
		5D7B64C724378D4100DD7EA2 /* Friends.swift */ = {isa = PBXFileReference; lastKnownFileType = sourcecode.swift; path = Friends.swift; sourceTree = "<group>"; };
		5DBD0ABD24372AA6008B9E40 /* SignInVK.app */ = {isa = PBXFileReference; explicitFileType = wrapper.application; includeInIndex = 0; path = SignInVK.app; sourceTree = BUILT_PRODUCTS_DIR; };
		5DBD0AC024372AA6008B9E40 /* AppDelegate.swift */ = {isa = PBXFileReference; lastKnownFileType = sourcecode.swift; path = AppDelegate.swift; sourceTree = "<group>"; };
		5DBD0AC224372AA6008B9E40 /* SceneDelegate.swift */ = {isa = PBXFileReference; lastKnownFileType = sourcecode.swift; path = SceneDelegate.swift; sourceTree = "<group>"; };
		5DBD0AC424372AA6008B9E40 /* ViewController.swift */ = {isa = PBXFileReference; lastKnownFileType = sourcecode.swift; path = ViewController.swift; sourceTree = "<group>"; };
		5DBD0AC724372AA6008B9E40 /* Base */ = {isa = PBXFileReference; lastKnownFileType = file.storyboard; name = Base; path = Base.lproj/Main.storyboard; sourceTree = "<group>"; };
		5DBD0AC924372AAA008B9E40 /* Assets.xcassets */ = {isa = PBXFileReference; lastKnownFileType = folder.assetcatalog; path = Assets.xcassets; sourceTree = "<group>"; };
		5DBD0ACC24372AAA008B9E40 /* Base */ = {isa = PBXFileReference; lastKnownFileType = file.storyboard; name = Base; path = Base.lproj/LaunchScreen.storyboard; sourceTree = "<group>"; };
		5DBD0ACE24372AAA008B9E40 /* Info.plist */ = {isa = PBXFileReference; lastKnownFileType = text.plist.xml; path = Info.plist; sourceTree = "<group>"; };
		5DBD0AD42437304E008B9E40 /* ProfileViewController.swift */ = {isa = PBXFileReference; lastKnownFileType = sourcecode.swift; path = ProfileViewController.swift; sourceTree = "<group>"; };
		5DBD0AD7243760C0008B9E40 /* User.swift */ = {isa = PBXFileReference; lastKnownFileType = sourcecode.swift; path = User.swift; sourceTree = "<group>"; };
		5DBD0ADB2437664A008B9E40 /* APIHandler.swift */ = {isa = PBXFileReference; lastKnownFileType = sourcecode.swift; path = APIHandler.swift; sourceTree = "<group>"; };
		C56542F49D3BBE272267955A /* Pods_SignInVK.framework */ = {isa = PBXFileReference; explicitFileType = wrapper.framework; includeInIndex = 0; path = Pods_SignInVK.framework; sourceTree = BUILT_PRODUCTS_DIR; };
/* End PBXFileReference section */

/* Begin PBXFrameworksBuildPhase section */
		5DBD0ABA24372AA6008B9E40 /* Frameworks */ = {
			isa = PBXFrameworksBuildPhase;
			buildActionMask = 2147483647;
			files = (
				86E130EC1CE268EFEFBE13A7 /* Pods_SignInVK.framework in Frameworks */,
			);
			runOnlyForDeploymentPostprocessing = 0;
		};
/* End PBXFrameworksBuildPhase section */

/* Begin PBXGroup section */
		0A80FE08A6FDFB3C579B2D48 /* Pods */ = {
			isa = PBXGroup;
			children = (
				4164F15206AB364887254E95 /* Pods-SignInVK.debug.xcconfig */,
				4D3A39F03A0B4E3250AADF94 /* Pods-SignInVK.release.xcconfig */,
			);
			path = Pods;
			sourceTree = "<group>";
		};
		3643C55F84401C47568EDF16 /* Frameworks */ = {
			isa = PBXGroup;
			children = (
				C56542F49D3BBE272267955A /* Pods_SignInVK.framework */,
			);
			name = Frameworks;
			sourceTree = "<group>";
		};
		5DBD0AB424372AA6008B9E40 = {
			isa = PBXGroup;
			children = (
				5DBD0ABF24372AA6008B9E40 /* SignInVK */,
				5DBD0ABE24372AA6008B9E40 /* Products */,
				0A80FE08A6FDFB3C579B2D48 /* Pods */,
				3643C55F84401C47568EDF16 /* Frameworks */,
			);
			sourceTree = "<group>";
		};
		5DBD0ABE24372AA6008B9E40 /* Products */ = {
			isa = PBXGroup;
			children = (
				5DBD0ABD24372AA6008B9E40 /* SignInVK.app */,
			);
			name = Products;
			sourceTree = "<group>";
		};
		5DBD0ABF24372AA6008B9E40 /* SignInVK */ = {
			isa = PBXGroup;
			children = (
				5DBD0AC024372AA6008B9E40 /* AppDelegate.swift */,
				5DBD0AC224372AA6008B9E40 /* SceneDelegate.swift */,
				5DBD0AD9243765DB008B9E40 /* Controllers */,
				5DBD0AD6243760AE008B9E40 /* Models */,
				5DBD0ADA24376612008B9E40 /* Services */,
				5DBD0AC624372AA6008B9E40 /* Main.storyboard */,
				5DBD0AC924372AAA008B9E40 /* Assets.xcassets */,
				5DBD0ACB24372AAA008B9E40 /* LaunchScreen.storyboard */,
				5DBD0ACE24372AAA008B9E40 /* Info.plist */,
			);
			path = SignInVK;
			sourceTree = "<group>";
		};
		5DBD0AD6243760AE008B9E40 /* Models */ = {
			isa = PBXGroup;
			children = (
				5DBD0AD7243760C0008B9E40 /* User.swift */,
				5D7B64C724378D4100DD7EA2 /* Friends.swift */,
			);
			path = Models;
			sourceTree = "<group>";
		};
		5DBD0AD9243765DB008B9E40 /* Controllers */ = {
			isa = PBXGroup;
			children = (
				5DBD0AC424372AA6008B9E40 /* ViewController.swift */,
				5DBD0AD42437304E008B9E40 /* ProfileViewController.swift */,
			);
			path = Controllers;
			sourceTree = "<group>";
		};
		5DBD0ADA24376612008B9E40 /* Services */ = {
			isa = PBXGroup;
			children = (
				5DBD0ADB2437664A008B9E40 /* APIHandler.swift */,
			);
			path = Services;
			sourceTree = "<group>";
		};
/* End PBXGroup section */

/* Begin PBXNativeTarget section */
		5DBD0ABC24372AA6008B9E40 /* SignInVK */ = {
			isa = PBXNativeTarget;
			buildConfigurationList = 5DBD0AD124372AAA008B9E40 /* Build configuration list for PBXNativeTarget "SignInVK" */;
			buildPhases = (
				490EEE04BEADFBE4F613B5BB /* [CP] Check Pods Manifest.lock */,
				5DBD0AB924372AA6008B9E40 /* Sources */,
				5DBD0ABA24372AA6008B9E40 /* Frameworks */,
				5DBD0ABB24372AA6008B9E40 /* Resources */,
				39C566934006127CF968AA82 /* [CP] Embed Pods Frameworks */,
			);
			buildRules = (
			);
			dependencies = (
			);
			name = SignInVK;
			productName = SignInVK;
			productReference = 5DBD0ABD24372AA6008B9E40 /* SignInVK.app */;
			productType = "com.apple.product-type.application";
		};
/* End PBXNativeTarget section */

/* Begin PBXProject section */
		5DBD0AB524372AA6008B9E40 /* Project object */ = {
			isa = PBXProject;
			attributes = {
				LastSwiftUpdateCheck = 1110;
				LastUpgradeCheck = 1110;
				ORGANIZATIONNAME = "Анастасия";
				TargetAttributes = {
					5DBD0ABC24372AA6008B9E40 = {
						CreatedOnToolsVersion = 11.1;
					};
				};
			};
			buildConfigurationList = 5DBD0AB824372AA6008B9E40 /* Build configuration list for PBXProject "SignInVK" */;
			compatibilityVersion = "Xcode 9.3";
			developmentRegion = en;
			hasScannedForEncodings = 0;
			knownRegions = (
				en,
				Base,
			);
			mainGroup = 5DBD0AB424372AA6008B9E40;
			productRefGroup = 5DBD0ABE24372AA6008B9E40 /* Products */;
			projectDirPath = "";
			projectRoot = "";
			targets = (
				5DBD0ABC24372AA6008B9E40 /* SignInVK */,
			);
		};
/* End PBXProject section */

/* Begin PBXResourcesBuildPhase section */
		5DBD0ABB24372AA6008B9E40 /* Resources */ = {
			isa = PBXResourcesBuildPhase;
			buildActionMask = 2147483647;
			files = (
				5DBD0ACD24372AAA008B9E40 /* LaunchScreen.storyboard in Resources */,
				5DBD0ACA24372AAA008B9E40 /* Assets.xcassets in Resources */,
				5DBD0AC824372AA6008B9E40 /* Main.storyboard in Resources */,
			);
			runOnlyForDeploymentPostprocessing = 0;
		};
/* End PBXResourcesBuildPhase section */

/* Begin PBXShellScriptBuildPhase section */
		39C566934006127CF968AA82 /* [CP] Embed Pods Frameworks */ = {
			isa = PBXShellScriptBuildPhase;
			buildActionMask = 2147483647;
			files = (
			);
			inputFileListPaths = (
				"${PODS_ROOT}/Target Support Files/Pods-SignInVK/Pods-SignInVK-frameworks-${CONFIGURATION}-input-files.xcfilelist",
			);
			name = "[CP] Embed Pods Frameworks";
			outputFileListPaths = (
				"${PODS_ROOT}/Target Support Files/Pods-SignInVK/Pods-SignInVK-frameworks-${CONFIGURATION}-output-files.xcfilelist",
			);
			runOnlyForDeploymentPostprocessing = 0;
			shellPath = /bin/sh;
			shellScript = "\"${PODS_ROOT}/Target Support Files/Pods-SignInVK/Pods-SignInVK-frameworks.sh\"\n";
			showEnvVarsInLog = 0;
		};
		490EEE04BEADFBE4F613B5BB /* [CP] Check Pods Manifest.lock */ = {
			isa = PBXShellScriptBuildPhase;
			buildActionMask = 2147483647;
			files = (
			);
			inputFileListPaths = (
			);
			inputPaths = (
				"${PODS_PODFILE_DIR_PATH}/Podfile.lock",
				"${PODS_ROOT}/Manifest.lock",
			);
			name = "[CP] Check Pods Manifest.lock";
			outputFileListPaths = (
			);
			outputPaths = (
				"$(DERIVED_FILE_DIR)/Pods-SignInVK-checkManifestLockResult.txt",
			);
			runOnlyForDeploymentPostprocessing = 0;
			shellPath = /bin/sh;
			shellScript = "diff \"${PODS_PODFILE_DIR_PATH}/Podfile.lock\" \"${PODS_ROOT}/Manifest.lock\" > /dev/null\nif [ $? != 0 ] ; then\n    # print error to STDERR\n    echo \"error: The sandbox is not in sync with the Podfile.lock. Run 'pod install' or update your CocoaPods installation.\" >&2\n    exit 1\nfi\n# This output is used by Xcode 'outputs' to avoid re-running this script phase.\necho \"SUCCESS\" > \"${SCRIPT_OUTPUT_FILE_0}\"\n";
			showEnvVarsInLog = 0;
		};
/* End PBXShellScriptBuildPhase section */

/* Begin PBXSourcesBuildPhase section */
		5DBD0AB924372AA6008B9E40 /* Sources */ = {
			isa = PBXSourcesBuildPhase;
			buildActionMask = 2147483647;
			files = (
				5DBD0AC524372AA6008B9E40 /* ViewController.swift in Sources */,
				5D7B64C824378D4100DD7EA2 /* Friends.swift in Sources */,
				5DBD0AC124372AA6008B9E40 /* AppDelegate.swift in Sources */,
				5DBD0AD52437304E008B9E40 /* ProfileViewController.swift in Sources */,
				5DBD0ADC2437664A008B9E40 /* APIHandler.swift in Sources */,
				5DBD0AD8243760C0008B9E40 /* User.swift in Sources */,
				5DBD0AC324372AA6008B9E40 /* SceneDelegate.swift in Sources */,
			);
			runOnlyForDeploymentPostprocessing = 0;
		};
/* End PBXSourcesBuildPhase section */

/* Begin PBXVariantGroup section */
		5DBD0AC624372AA6008B9E40 /* Main.storyboard */ = {
			isa = PBXVariantGroup;
			children = (
				5DBD0AC724372AA6008B9E40 /* Base */,
			);
			name = Main.storyboard;
			sourceTree = "<group>";
		};
		5DBD0ACB24372AAA008B9E40 /* LaunchScreen.storyboard */ = {
			isa = PBXVariantGroup;
			children = (
				5DBD0ACC24372AAA008B9E40 /* Base */,
			);
			name = LaunchScreen.storyboard;
			sourceTree = "<group>";
		};
/* End PBXVariantGroup section */

/* Begin XCBuildConfiguration section */
		5DBD0ACF24372AAA008B9E40 /* Debug */ = {
			isa = XCBuildConfiguration;
			buildSettings = {
				ALWAYS_SEARCH_USER_PATHS = NO;
				CLANG_ANALYZER_NONNULL = YES;
				CLANG_ANALYZER_NUMBER_OBJECT_CONVERSION = YES_AGGRESSIVE;
				CLANG_CXX_LANGUAGE_STANDARD = "gnu++14";
				CLANG_CXX_LIBRARY = "libc++";
				CLANG_ENABLE_MODULES = YES;
				CLANG_ENABLE_OBJC_ARC = YES;
				CLANG_ENABLE_OBJC_WEAK = YES;
				CLANG_WARN_BLOCK_CAPTURE_AUTORELEASING = YES;
				CLANG_WARN_BOOL_CONVERSION = YES;
				CLANG_WARN_COMMA = YES;
				CLANG_WARN_CONSTANT_CONVERSION = YES;
				CLANG_WARN_DEPRECATED_OBJC_IMPLEMENTATIONS = YES;
				CLANG_WARN_DIRECT_OBJC_ISA_USAGE = YES_ERROR;
				CLANG_WARN_DOCUMENTATION_COMMENTS = YES;
				CLANG_WARN_EMPTY_BODY = YES;
				CLANG_WARN_ENUM_CONVERSION = YES;
				CLANG_WARN_INFINITE_RECURSION = YES;
				CLANG_WARN_INT_CONVERSION = YES;
				CLANG_WARN_NON_LITERAL_NULL_CONVERSION = YES;
				CLANG_WARN_OBJC_IMPLICIT_RETAIN_SELF = YES;
				CLANG_WARN_OBJC_LITERAL_CONVERSION = YES;
				CLANG_WARN_OBJC_ROOT_CLASS = YES_ERROR;
				CLANG_WARN_RANGE_LOOP_ANALYSIS = YES;
				CLANG_WARN_STRICT_PROTOTYPES = YES;
				CLANG_WARN_SUSPICIOUS_MOVE = YES;
				CLANG_WARN_UNGUARDED_AVAILABILITY = YES_AGGRESSIVE;
				CLANG_WARN_UNREACHABLE_CODE = YES;
				CLANG_WARN__DUPLICATE_METHOD_MATCH = YES;
				COPY_PHASE_STRIP = NO;
				DEBUG_INFORMATION_FORMAT = dwarf;
				ENABLE_STRICT_OBJC_MSGSEND = YES;
				ENABLE_TESTABILITY = YES;
				GCC_C_LANGUAGE_STANDARD = gnu11;
				GCC_DYNAMIC_NO_PIC = NO;
				GCC_NO_COMMON_BLOCKS = YES;
				GCC_OPTIMIZATION_LEVEL = 0;
				GCC_PREPROCESSOR_DEFINITIONS = (
					"DEBUG=1",
					"$(inherited)",
				);
				GCC_WARN_64_TO_32_BIT_CONVERSION = YES;
				GCC_WARN_ABOUT_RETURN_TYPE = YES_ERROR;
				GCC_WARN_UNDECLARED_SELECTOR = YES;
				GCC_WARN_UNINITIALIZED_AUTOS = YES_AGGRESSIVE;
				GCC_WARN_UNUSED_FUNCTION = YES;
				GCC_WARN_UNUSED_VARIABLE = YES;
				IPHONEOS_DEPLOYMENT_TARGET = 13.1;
				MTL_ENABLE_DEBUG_INFO = INCLUDE_SOURCE;
				MTL_FAST_MATH = YES;
				ONLY_ACTIVE_ARCH = YES;
				SDKROOT = iphoneos;
				SWIFT_ACTIVE_COMPILATION_CONDITIONS = DEBUG;
				SWIFT_OPTIMIZATION_LEVEL = "-Onone";
			};
			name = Debug;
		};
		5DBD0AD024372AAA008B9E40 /* Release */ = {
			isa = XCBuildConfiguration;
			buildSettings = {
				ALWAYS_SEARCH_USER_PATHS = NO;
				CLANG_ANALYZER_NONNULL = YES;
				CLANG_ANALYZER_NUMBER_OBJECT_CONVERSION = YES_AGGRESSIVE;
				CLANG_CXX_LANGUAGE_STANDARD = "gnu++14";
				CLANG_CXX_LIBRARY = "libc++";
				CLANG_ENABLE_MODULES = YES;
				CLANG_ENABLE_OBJC_ARC = YES;
				CLANG_ENABLE_OBJC_WEAK = YES;
				CLANG_WARN_BLOCK_CAPTURE_AUTORELEASING = YES;
				CLANG_WARN_BOOL_CONVERSION = YES;
				CLANG_WARN_COMMA = YES;
				CLANG_WARN_CONSTANT_CONVERSION = YES;
				CLANG_WARN_DEPRECATED_OBJC_IMPLEMENTATIONS = YES;
				CLANG_WARN_DIRECT_OBJC_ISA_USAGE = YES_ERROR;
				CLANG_WARN_DOCUMENTATION_COMMENTS = YES;
				CLANG_WARN_EMPTY_BODY = YES;
				CLANG_WARN_ENUM_CONVERSION = YES;
				CLANG_WARN_INFINITE_RECURSION = YES;
				CLANG_WARN_INT_CONVERSION = YES;
				CLANG_WARN_NON_LITERAL_NULL_CONVERSION = YES;
				CLANG_WARN_OBJC_IMPLICIT_RETAIN_SELF = YES;
				CLANG_WARN_OBJC_LITERAL_CONVERSION = YES;
				CLANG_WARN_OBJC_ROOT_CLASS = YES_ERROR;
				CLANG_WARN_RANGE_LOOP_ANALYSIS = YES;
				CLANG_WARN_STRICT_PROTOTYPES = YES;
				CLANG_WARN_SUSPICIOUS_MOVE = YES;
				CLANG_WARN_UNGUARDED_AVAILABILITY = YES_AGGRESSIVE;
				CLANG_WARN_UNREACHABLE_CODE = YES;
				CLANG_WARN__DUPLICATE_METHOD_MATCH = YES;
				COPY_PHASE_STRIP = NO;
				DEBUG_INFORMATION_FORMAT = "dwarf-with-dsym";
				ENABLE_NS_ASSERTIONS = NO;
				ENABLE_STRICT_OBJC_MSGSEND = YES;
				GCC_C_LANGUAGE_STANDARD = gnu11;
				GCC_NO_COMMON_BLOCKS = YES;
				GCC_WARN_64_TO_32_BIT_CONVERSION = YES;
				GCC_WARN_ABOUT_RETURN_TYPE = YES_ERROR;
				GCC_WARN_UNDECLARED_SELECTOR = YES;
				GCC_WARN_UNINITIALIZED_AUTOS = YES_AGGRESSIVE;
				GCC_WARN_UNUSED_FUNCTION = YES;
				GCC_WARN_UNUSED_VARIABLE = YES;
				IPHONEOS_DEPLOYMENT_TARGET = 13.1;
				MTL_ENABLE_DEBUG_INFO = NO;
				MTL_FAST_MATH = YES;
				SDKROOT = iphoneos;
				SWIFT_COMPILATION_MODE = wholemodule;
				SWIFT_OPTIMIZATION_LEVEL = "-O";
				VALIDATE_PRODUCT = YES;
			};
			name = Release;
		};
		5DBD0AD224372AAA008B9E40 /* Debug */ = {
			isa = XCBuildConfiguration;
			baseConfigurationReference = 4164F15206AB364887254E95 /* Pods-SignInVK.debug.xcconfig */;
			buildSettings = {
				ASSETCATALOG_COMPILER_APPICON_NAME = AppIcon;
				CODE_SIGN_STYLE = Automatic;
				DEVELOPMENT_TEAM = XT64U8RD27;
				INFOPLIST_FILE = SignInVK/Info.plist;
				IPHONEOS_DEPLOYMENT_TARGET = 11.0;
				LD_RUNPATH_SEARCH_PATHS = (
					"$(inherited)",
					"@executable_path/Frameworks",
				);
				PRODUCT_BUNDLE_IDENTIFIER = nastyouth.SignInVK;
				PRODUCT_NAME = "$(TARGET_NAME)";
				SWIFT_VERSION = 5.0;
				TARGETED_DEVICE_FAMILY = "1,2";
			};
			name = Debug;
		};
		5DBD0AD324372AAA008B9E40 /* Release */ = {
			isa = XCBuildConfiguration;
			baseConfigurationReference = 4D3A39F03A0B4E3250AADF94 /* Pods-SignInVK.release.xcconfig */;
			buildSettings = {
				ASSETCATALOG_COMPILER_APPICON_NAME = AppIcon;
				CODE_SIGN_STYLE = Automatic;
				DEVELOPMENT_TEAM = XT64U8RD27;
				INFOPLIST_FILE = SignInVK/Info.plist;
				IPHONEOS_DEPLOYMENT_TARGET = 11.0;
				LD_RUNPATH_SEARCH_PATHS = (
					"$(inherited)",
					"@executable_path/Frameworks",
				);
				PRODUCT_BUNDLE_IDENTIFIER = nastyouth.SignInVK;
				PRODUCT_NAME = "$(TARGET_NAME)";
				SWIFT_VERSION = 5.0;
				TARGETED_DEVICE_FAMILY = "1,2";
			};
			name = Release;
		};
/* End XCBuildConfiguration section */

/* Begin XCConfigurationList section */
		5DBD0AB824372AA6008B9E40 /* Build configuration list for PBXProject "SignInVK" */ = {
			isa = XCConfigurationList;
			buildConfigurations = (
				5DBD0ACF24372AAA008B9E40 /* Debug */,
				5DBD0AD024372AAA008B9E40 /* Release */,
			);
			defaultConfigurationIsVisible = 0;
			defaultConfigurationName = Release;
		};
		5DBD0AD124372AAA008B9E40 /* Build configuration list for PBXNativeTarget "SignInVK" */ = {
			isa = XCConfigurationList;
			buildConfigurations = (
				5DBD0AD224372AAA008B9E40 /* Debug */,
				5DBD0AD324372AAA008B9E40 /* Release */,
			);
			defaultConfigurationIsVisible = 0;
			defaultConfigurationName = Release;
		};
/* End XCConfigurationList section */
	};
	rootObject = 5DBD0AB524372AA6008B9E40 /* Project object */;
}
